
Microsoft Visual Studio Solution File, Format Version 12.00
# Visual Studio 15
Project("{FAE04EC0-301F-11D3-BF4B-00C04F79EFBC}") = "Assembly-CSharp", "Assembly-CSharp.csproj", "{393BB5E8-D06E-DA15-0239-9AE67816577C}"
EndProject
Project("{FAE04EC0-301F-11D3-BF4B-00C04F79EFBC}") = "Assembly-CSharp-Editor", "Assembly-CSharp-Editor.csproj", "{C8122F6A-FAD0-2B73-0DDF-CC63A82A396B}"
EndProject
Global
	GlobalSection(SolutionConfigurationPlatforms) = preSolution
		Debug|Any CPU = Debug|Any CPU
		Release|Any CPU = Release|Any CPU
	EndGlobalSection
	GlobalSection(ProjectConfigurationPlatforms) = postSolution
		{393BB5E8-D06E-DA15-0239-9AE67816577C}.Debug|Any CPU.ActiveCfg = Debug|Any CPU
		{393BB5E8-D06E-DA15-0239-9AE67816577C}.Debug|Any CPU.Build.0 = Debug|Any CPU
		{393BB5E8-D06E-DA15-0239-9AE67816577C}.Release|Any CPU.ActiveCfg = Release|Any CPU
		{393BB5E8-D06E-DA15-0239-9AE67816577C}.Release|Any CPU.Build.0 = Release|Any CPU
		{C8122F6A-FAD0-2B73-0DDF-CC63A82A396B}.Debug|Any CPU.ActiveCfg = Debug|Any CPU
		{C8122F6A-FAD0-2B73-0DDF-CC63A82A396B}.Debug|Any CPU.Build.0 = Debug|Any CPU
		{C8122F6A-FAD0-2B73-0DDF-CC63A82A396B}.Release|Any CPU.ActiveCfg = Release|Any CPU
		{C8122F6A-FAD0-2B73-0DDF-CC63A82A396B}.Release|Any CPU.Build.0 = Release|Any CPU
	EndGlobalSection
	GlobalSection(SolutionProperties) = preSolution
		HideSolutionNode = FALSE
	EndGlobalSection
EndGlobal
